
Microsoft Visual Studio Solution File, Format Version 12.00
# Visual Studio Version 17
VisualStudioVersion = 17.14.36717.8 d17.14
MinimumVisualStudioVersion = 10.0.40219.1
Project("{FAE04EC0-301F-11D3-BF4B-00C04F79EFBC}") = "PlaylistAPI", "PlaylistAPI\PlaylistAPI.csproj", "{AEEC5F59-B89F-486F-BF3B-504A6BFB6A11}"
EndProject
Global
	GlobalSection(SolutionConfigurationPlatforms) = preSolution
		Debug|Any CPU = Debug|Any CPU
		Release|Any CPU = Release|Any CPU
	EndGlobalSection
	GlobalSection(ProjectConfigurationPlatforms) = postSolution
		{AEEC5F59-B89F-486F-BF3B-504A6BFB6A11}.Debug|Any CPU.ActiveCfg = Debug|Any CPU
		{AEEC5F59-B89F-486F-BF3B-504A6BFB6A11}.Debug|Any CPU.Build.0 = Debug|Any CPU
		{AEEC5F59-B89F-486F-BF3B-504A6BFB6A11}.Release|Any CPU.ActiveCfg = Release|Any CPU
		{AEEC5F59-B89F-486F-BF3B-504A6BFB6A11}.Release|Any CPU.Build.0 = Release|Any CPU
	EndGlobalSection
	GlobalSection(SolutionProperties) = preSolution
		HideSolutionNode = FALSE
	EndGlobalSection
	GlobalSection(ExtensibilityGlobals) = postSolution
		SolutionGuid = {38823C4D-84F3-4167-B965-41D31C077AEA}
	EndGlobalSection
EndGlobal
